
Microsoft Visual Studio Solution File, Format Version 12.00
# Visual Studio Version 17
VisualStudioVersion = 17.13.36105.23 d17.13
MinimumVisualStudioVersion = 10.0.40219.1
Project("{FAE04EC0-301F-11D3-BF4B-00C04F79EFBC}") = "Ejercicio1_button_label", "Ejercicio1\Ejercicio1_button_label.csproj", "{5022573E-A9B4-4495-8684-6813D1735591}"
EndProject
Project("{FAE04EC0-301F-11D3-BF4B-00C04F79EFBC}") = "Ejercicio2_textbox_textboxmultilinea", "Ejercicio2\Ejercicio2_textbox_textboxmultilinea.csproj", "{528045EC-A079-4C36-890F-9155061334B9}"
EndProject
Project("{FAE04EC0-301F-11D3-BF4B-00C04F79EFBC}") = "Ejercicio3_textbox_listbox", "Ejercicio3\Ejercicio3_textbox_listbox.csproj", "{D6969BBF-9A40-42B7-BB6D-5829DA45ADDE}"
EndProject
Global
	GlobalSection(SolutionConfigurationPlatforms) = preSolution
		Debug|Any CPU = Debug|Any CPU
		Release|Any CPU = Release|Any CPU
	EndGlobalSection
	GlobalSection(ProjectConfigurationPlatforms) = postSolution
		{5022573E-A9B4-4495-8684-6813D1735591}.Debug|Any CPU.ActiveCfg = Debug|Any CPU
		{5022573E-A9B4-4495-8684-6813D1735591}.Debug|Any CPU.Build.0 = Debug|Any CPU
		{5022573E-A9B4-4495-8684-6813D1735591}.Release|Any CPU.ActiveCfg = Release|Any CPU
		{5022573E-A9B4-4495-8684-6813D1735591}.Release|Any CPU.Build.0 = Release|Any CPU
		{528045EC-A079-4C36-890F-9155061334B9}.Debug|Any CPU.ActiveCfg = Debug|Any CPU
		{528045EC-A079-4C36-890F-9155061334B9}.Debug|Any CPU.Build.0 = Debug|Any CPU
		{528045EC-A079-4C36-890F-9155061334B9}.Release|Any CPU.ActiveCfg = Release|Any CPU
		{528045EC-A079-4C36-890F-9155061334B9}.Release|Any CPU.Build.0 = Release|Any CPU
		{D6969BBF-9A40-42B7-BB6D-5829DA45ADDE}.Debug|Any CPU.ActiveCfg = Debug|Any CPU
		{D6969BBF-9A40-42B7-BB6D-5829DA45ADDE}.Debug|Any CPU.Build.0 = Debug|Any CPU
		{D6969BBF-9A40-42B7-BB6D-5829DA45ADDE}.Release|Any CPU.ActiveCfg = Release|Any CPU
		{D6969BBF-9A40-42B7-BB6D-5829DA45ADDE}.Release|Any CPU.Build.0 = Release|Any CPU
	EndGlobalSection
	GlobalSection(SolutionProperties) = preSolution
		HideSolutionNode = FALSE
	EndGlobalSection
	GlobalSection(ExtensibilityGlobals) = postSolution
		SolutionGuid = {1646BDE0-3F49-4091-8674-A627B43F53A2}
	EndGlobalSection
EndGlobal
